
Microsoft Visual Studio Solution File, Format Version 12.00
# Visual Studio 2015
Project("{FAE04EC0-301F-11D3-BF4B-00C04F79EFBC}") = "Medical doc.Plugins", "Medical doc.Plugins.csproj", "{DC1C399A-6BE6-BCD2-CC1C-88ECBD2767B4}"
EndProject
Project("{FAE04EC0-301F-11D3-BF4B-00C04F79EFBC}") = "Medical doc", "Medical doc.csproj", "{56D3531C-23B7-EA77-2F4A-B591B159545F}"
EndProject
Project("{FAE04EC0-301F-11D3-BF4B-00C04F79EFBC}") = "Medical doc.Editor", "Medical doc.Editor.csproj", "{1901A566-A476-77F3-7570-D3F37425E167}"
EndProject
Global
	GlobalSection(SolutionConfigurationPlatforms) = preSolution
		Debug|Any CPU = Debug|Any CPU
		Release|Any CPU = Release|Any CPU
	EndGlobalSection
	GlobalSection(ProjectConfigurationPlatforms) = postSolution
		{DC1C399A-6BE6-BCD2-CC1C-88ECBD2767B4}.Debug|Any CPU.ActiveCfg = Debug|Any CPU
		{DC1C399A-6BE6-BCD2-CC1C-88ECBD2767B4}.Debug|Any CPU.Build.0 = Debug|Any CPU
		{DC1C399A-6BE6-BCD2-CC1C-88ECBD2767B4}.Release|Any CPU.ActiveCfg = Release|Any CPU
		{DC1C399A-6BE6-BCD2-CC1C-88ECBD2767B4}.Release|Any CPU.Build.0 = Release|Any CPU
		{56D3531C-23B7-EA77-2F4A-B591B159545F}.Debug|Any CPU.ActiveCfg = Debug|Any CPU
		{56D3531C-23B7-EA77-2F4A-B591B159545F}.Debug|Any CPU.Build.0 = Debug|Any CPU
		{56D3531C-23B7-EA77-2F4A-B591B159545F}.Release|Any CPU.ActiveCfg = Release|Any CPU
		{56D3531C-23B7-EA77-2F4A-B591B159545F}.Release|Any CPU.Build.0 = Release|Any CPU
		{1901A566-A476-77F3-7570-D3F37425E167}.Debug|Any CPU.ActiveCfg = Debug|Any CPU
		{1901A566-A476-77F3-7570-D3F37425E167}.Debug|Any CPU.Build.0 = Debug|Any CPU
		{1901A566-A476-77F3-7570-D3F37425E167}.Release|Any CPU.ActiveCfg = Release|Any CPU
		{1901A566-A476-77F3-7570-D3F37425E167}.Release|Any CPU.Build.0 = Release|Any CPU
	EndGlobalSection
	GlobalSection(SolutionProperties) = preSolution
		HideSolutionNode = FALSE
	EndGlobalSection
EndGlobal
